github.com/gibraniskandar/go-say-hello v1.0.0 h1:fMBKh4jhmrgZsT2Cv+cW9OYj0qXcaRfYezmXaTOfpyc=
github.com/gibraniskandar/go-say-hello v1.0.0/go.mod h1:7D6QSImzJlZYCsagk50zoWav9WGIfICd05ayBNOW4uk=
github.com/gibraniskandar/go-say-hello v1.1.0 h1:5XqbaMc+UOVs1GtdhziHhjnY4hxw4e3lsj9OIdDPblI=
github.com/gibraniskandar/go-say-hello v1.1.0/go.mod h1:7D6QSImzJlZYCsagk50zoWav9WGIfICd05ayBNOW4uk=
github.com/gibraniskandar/go-say-hello/v2 v2.0.0 h1:0mW/MEcLEr6Tn9p5klhAKRmgZ+7yOi74CZmU3mcQRus=
github.com/gibraniskandar/go-say-hello/v2 v2.0.0/go.mod h1:3UDogJlB3/YYGPxgP/6F7hoAUK51IjFDlP/f9hsm7dA=
